// !$*UTF8*$!
{
	archiveVersion = 1;
	classes = {
	};
	objectVersion = 55;
	objects = {

/* Begin PBXBuildFile section */
		34C30FC4F120178BF8325C85 /* Pods_FirebirdTests.framework in Frameworks */ = {isa = PBXBuildFile; fileRef = FEAA86174DFA378BF0EB87F4 /* Pods_FirebirdTests.framework */; };
		3A04AC0F29A54F0B0042F47D /* RegisterViewController.swift in Sources */ = {isa = PBXBuildFile; fileRef = 3A04AC0E29A54F0B0042F47D /* RegisterViewController.swift */; };
		3A75029F29A4B9FD00E6783B /* HomeViewController.swift in Sources */ = {isa = PBXBuildFile; fileRef = 3A75029E29A4B9FD00E6783B /* HomeViewController.swift */; };
		3A7502B229A4BA0100E6783B /* FirebirdTests.swift in Sources */ = {isa = PBXBuildFile; fileRef = 3A7502B129A4BA0100E6783B /* FirebirdTests.swift */; };
		3A7502BC29A4BA0200E6783B /* FirebirdUITests.swift in Sources */ = {isa = PBXBuildFile; fileRef = 3A7502BB29A4BA0200E6783B /* FirebirdUITests.swift */; };
		3A7502BE29A4BA0200E6783B /* FirebirdUITestsLaunchTests.swift in Sources */ = {isa = PBXBuildFile; fileRef = 3A7502BD29A4BA0200E6783B /* FirebirdUITestsLaunchTests.swift */; };
		3ABDC0EA29A4BCD300AD49F6 /* Assets.xcassets in Resources */ = {isa = PBXBuildFile; fileRef = 3ABDC0D729A4BCD300AD49F6 /* Assets.xcassets */; };
		3ABDC0EB29A4BCD300AD49F6 /* LaunchScreen.storyboard in Resources */ = {isa = PBXBuildFile; fileRef = 3ABDC0D829A4BCD300AD49F6 /* LaunchScreen.storyboard */; };
		3ABDC0EC29A4BCD300AD49F6 /* Main.storyboard in Resources */ = {isa = PBXBuildFile; fileRef = 3ABDC0DA29A4BCD300AD49F6 /* Main.storyboard */; };
		3ABDC0ED29A4BCD300AD49F6 /* AppDelegate.swift in Sources */ = {isa = PBXBuildFile; fileRef = 3ABDC0DC29A4BCD300AD49F6 /* AppDelegate.swift */; };
		3ABDC0EE29A4BCD300AD49F6 /* SceneDelegate.swift in Sources */ = {isa = PBXBuildFile; fileRef = 3ABDC0DD29A4BCD300AD49F6 /* SceneDelegate.swift */; };
		3ABDC0EF29A4BCD300AD49F6 /* Constants.swift in Sources */ = {isa = PBXBuildFile; fileRef = 3ABDC0DF29A4BCD300AD49F6 /* Constants.swift */; };
		3ABDC0F029A4BCD300AD49F6 /* UserBusiness.swift in Sources */ = {isa = PBXBuildFile; fileRef = 3ABDC0E229A4BCD300AD49F6 /* UserBusiness.swift */; };
		3ABDC0F129A4BCD300AD49F6 /* UserProvider.swift in Sources */ = {isa = PBXBuildFile; fileRef = 3ABDC0E429A4BCD300AD49F6 /* UserProvider.swift */; };
		3ABDC0F229A4BCD300AD49F6 /* UserManager.swift in Sources */ = {isa = PBXBuildFile; fileRef = 3ABDC0E629A4BCD300AD49F6 /* UserManager.swift */; };
		3ABDC0F329A4BCD300AD49F6 /* UserModel.swift in Sources */ = {isa = PBXBuildFile; fileRef = 3ABDC0E829A4BCD300AD49F6 /* UserModel.swift */; };
		3ABDC0F429A4BCD300AD49F6 /* GoogleService-Info.plist in Resources */ = {isa = PBXBuildFile; fileRef = 3ABDC0E929A4BCD300AD49F6 /* GoogleService-Info.plist */; };
		3AFE239629A54D4E0072E05E /* LoginViewController.swift in Sources */ = {isa = PBXBuildFile; fileRef = 3AFE239529A54D4E0072E05E /* LoginViewController.swift */; };
		947D3A298E5647BC0A314C12 /* Pods_Firebird.framework in Frameworks */ = {isa = PBXBuildFile; fileRef = 02D82FAE2EB0A0EE714C96F5 /* Pods_Firebird.framework */; };
		DD2BEA249235203FDD125C0B /* Pods_Firebird_FirebirdUITests.framework in Frameworks */ = {isa = PBXBuildFile; fileRef = DCBCBA84E854FC914E76916F /* Pods_Firebird_FirebirdUITests.framework */; };
/* End PBXBuildFile section */

/* Begin PBXContainerItemProxy section */
		3A7502AE29A4BA0100E6783B /* PBXContainerItemProxy */ = {
			isa = PBXContainerItemProxy;
			containerPortal = 3A75028F29A4B9FD00E6783B /* Project object */;
			proxyType = 1;
			remoteGlobalIDString = 3A75029629A4B9FD00E6783B;
			remoteInfo = Firebird;
		};
		3A7502B829A4BA0200E6783B /* PBXContainerItemProxy */ = {
			isa = PBXContainerItemProxy;
			containerPortal = 3A75028F29A4B9FD00E6783B /* Project object */;
			proxyType = 1;
			remoteGlobalIDString = 3A75029629A4B9FD00E6783B;
			remoteInfo = Firebird;
		};
/* End PBXContainerItemProxy section */

/* Begin PBXFileReference section */
		02D82FAE2EB0A0EE714C96F5 /* Pods_Firebird.framework */ = {isa = PBXFileReference; explicitFileType = wrapper.framework; includeInIndex = 0; path = Pods_Firebird.framework; sourceTree = BUILT_PRODUCTS_DIR; };
		0C4441EEF024E8ABEF20BFD9 /* Pods-Firebird.debug.xcconfig */ = {isa = PBXFileReference; includeInIndex = 1; lastKnownFileType = text.xcconfig; name = "Pods-Firebird.debug.xcconfig"; path = "Target Support Files/Pods-Firebird/Pods-Firebird.debug.xcconfig"; sourceTree = "<group>"; };
		21B776352D55B7FA54144885 /* Pods-Firebird-FirebirdUITests.release.xcconfig */ = {isa = PBXFileReference; includeInIndex = 1; lastKnownFileType = text.xcconfig; name = "Pods-Firebird-FirebirdUITests.release.xcconfig"; path = "Target Support Files/Pods-Firebird-FirebirdUITests/Pods-Firebird-FirebirdUITests.release.xcconfig"; sourceTree = "<group>"; };
		3A04AC0E29A54F0B0042F47D /* RegisterViewController.swift */ = {isa = PBXFileReference; lastKnownFileType = sourcecode.swift; path = RegisterViewController.swift; sourceTree = "<group>"; };
		3A75029729A4B9FD00E6783B /* Firebird.app */ = {isa = PBXFileReference; explicitFileType = wrapper.application; includeInIndex = 0; path = Firebird.app; sourceTree = BUILT_PRODUCTS_DIR; };
		3A75029E29A4B9FD00E6783B /* HomeViewController.swift */ = {isa = PBXFileReference; lastKnownFileType = sourcecode.swift; path = HomeViewController.swift; sourceTree = "<group>"; };
		3A7502A829A4BA0100E6783B /* Info.plist */ = {isa = PBXFileReference; lastKnownFileType = text.plist.xml; path = Info.plist; sourceTree = "<group>"; };
		3A7502AD29A4BA0100E6783B /* FirebirdTests.xctest */ = {isa = PBXFileReference; explicitFileType = wrapper.cfbundle; includeInIndex = 0; path = FirebirdTests.xctest; sourceTree = BUILT_PRODUCTS_DIR; };
		3A7502B129A4BA0100E6783B /* FirebirdTests.swift */ = {isa = PBXFileReference; lastKnownFileType = sourcecode.swift; path = FirebirdTests.swift; sourceTree = "<group>"; };
		3A7502B729A4BA0200E6783B /* FirebirdUITests.xctest */ = {isa = PBXFileReference; explicitFileType = wrapper.cfbundle; includeInIndex = 0; path = FirebirdUITests.xctest; sourceTree = BUILT_PRODUCTS_DIR; };
		3A7502BB29A4BA0200E6783B /* FirebirdUITests.swift */ = {isa = PBXFileReference; lastKnownFileType = sourcecode.swift; path = FirebirdUITests.swift; sourceTree = "<group>"; };
		3A7502BD29A4BA0200E6783B /* FirebirdUITestsLaunchTests.swift */ = {isa = PBXFileReference; lastKnownFileType = sourcecode.swift; path = FirebirdUITestsLaunchTests.swift; sourceTree = "<group>"; };
		3ABDC0D729A4BCD300AD49F6 /* Assets.xcassets */ = {isa = PBXFileReference; lastKnownFileType = folder.assetcatalog; path = Assets.xcassets; sourceTree = "<group>"; };
		3ABDC0D929A4BCD300AD49F6 /* Base */ = {isa = PBXFileReference; lastKnownFileType = file.storyboard; name = Base; path = Base.lproj/LaunchScreen.storyboard; sourceTree = "<group>"; };
		3ABDC0DB29A4BCD300AD49F6 /* Base */ = {isa = PBXFileReference; lastKnownFileType = file.storyboard; name = Base; path = Base.lproj/Main.storyboard; sourceTree = "<group>"; };
		3ABDC0DC29A4BCD300AD49F6 /* AppDelegate.swift */ = {isa = PBXFileReference; fileEncoding = 4; lastKnownFileType = sourcecode.swift; path = AppDelegate.swift; sourceTree = "<group>"; };
		3ABDC0DD29A4BCD300AD49F6 /* SceneDelegate.swift */ = {isa = PBXFileReference; fileEncoding = 4; lastKnownFileType = sourcecode.swift; path = SceneDelegate.swift; sourceTree = "<group>"; };
		3ABDC0DF29A4BCD300AD49F6 /* Constants.swift */ = {isa = PBXFileReference; fileEncoding = 4; lastKnownFileType = sourcecode.swift; path = Constants.swift; sourceTree = "<group>"; };
		3ABDC0E229A4BCD300AD49F6 /* UserBusiness.swift */ = {isa = PBXFileReference; fileEncoding = 4; lastKnownFileType = sourcecode.swift; path = UserBusiness.swift; sourceTree = "<group>"; };
		3ABDC0E429A4BCD300AD49F6 /* UserProvider.swift */ = {isa = PBXFileReference; fileEncoding = 4; lastKnownFileType = sourcecode.swift; path = UserProvider.swift; sourceTree = "<group>"; };
		3ABDC0E629A4BCD300AD49F6 /* UserManager.swift */ = {isa = PBXFileReference; fileEncoding = 4; lastKnownFileType = sourcecode.swift; path = UserManager.swift; sourceTree = "<group>"; };
		3ABDC0E829A4BCD300AD49F6 /* UserModel.swift */ = {isa = PBXFileReference; fileEncoding = 4; lastKnownFileType = sourcecode.swift; path = UserModel.swift; sourceTree = "<group>"; };
		3ABDC0E929A4BCD300AD49F6 /* GoogleService-Info.plist */ = {isa = PBXFileReference; fileEncoding = 4; lastKnownFileType = text.plist.xml; path = "GoogleService-Info.plist"; sourceTree = "<group>"; };
		3AFE239529A54D4E0072E05E /* LoginViewController.swift */ = {isa = PBXFileReference; lastKnownFileType = sourcecode.swift; path = LoginViewController.swift; sourceTree = "<group>"; };
		46A377421FEE7A870B87D4F0 /* Pods-Firebird-FirebirdUITests.debug.xcconfig */ = {isa = PBXFileReference; includeInIndex = 1; lastKnownFileType = text.xcconfig; name = "Pods-Firebird-FirebirdUITests.debug.xcconfig"; path = "Target Support Files/Pods-Firebird-FirebirdUITests/Pods-Firebird-FirebirdUITests.debug.xcconfig"; sourceTree = "<group>"; };
		47F8B4B38727210F786BD212 /* Pods-FirebirdTests.debug.xcconfig */ = {isa = PBXFileReference; includeInIndex = 1; lastKnownFileType = text.xcconfig; name = "Pods-FirebirdTests.debug.xcconfig"; path = "Target Support Files/Pods-FirebirdTests/Pods-FirebirdTests.debug.xcconfig"; sourceTree = "<group>"; };
		DCBCBA84E854FC914E76916F /* Pods_Firebird_FirebirdUITests.framework */ = {isa = PBXFileReference; explicitFileType = wrapper.framework; includeInIndex = 0; path = Pods_Firebird_FirebirdUITests.framework; sourceTree = BUILT_PRODUCTS_DIR; };
		F65846917834A076BD4A4187 /* Pods-FirebirdTests.release.xcconfig */ = {isa = PBXFileReference; includeInIndex = 1; lastKnownFileType = text.xcconfig; name = "Pods-FirebirdTests.release.xcconfig"; path = "Target Support Files/Pods-FirebirdTests/Pods-FirebirdTests.release.xcconfig"; sourceTree = "<group>"; };
		FB290B66840C429D0FBC730C /* Pods-Firebird.release.xcconfig */ = {isa = PBXFileReference; includeInIndex = 1; lastKnownFileType = text.xcconfig; name = "Pods-Firebird.release.xcconfig"; path = "Target Support Files/Pods-Firebird/Pods-Firebird.release.xcconfig"; sourceTree = "<group>"; };
		FEAA86174DFA378BF0EB87F4 /* Pods_FirebirdTests.framework */ = {isa = PBXFileReference; explicitFileType = wrapper.framework; includeInIndex = 0; path = Pods_FirebirdTests.framework; sourceTree = BUILT_PRODUCTS_DIR; };
/* End PBXFileReference section */

/* Begin PBXFrameworksBuildPhase section */
		3A75029429A4B9FD00E6783B /* Frameworks */ = {
			isa = PBXFrameworksBuildPhase;
			buildActionMask = 2147483647;
			files = (
				947D3A298E5647BC0A314C12 /* Pods_Firebird.framework in Frameworks */,
			);
			runOnlyForDeploymentPostprocessing = 0;
		};
		3A7502AA29A4BA0100E6783B /* Frameworks */ = {
			isa = PBXFrameworksBuildPhase;
			buildActionMask = 2147483647;
			files = (
				34C30FC4F120178BF8325C85 /* Pods_FirebirdTests.framework in Frameworks */,
			);
			runOnlyForDeploymentPostprocessing = 0;
		};
		3A7502B429A4BA0200E6783B /* Frameworks */ = {
			isa = PBXFrameworksBuildPhase;
			buildActionMask = 2147483647;
			files = (
				DD2BEA249235203FDD125C0B /* Pods_Firebird_FirebirdUITests.framework in Frameworks */,
			);
			runOnlyForDeploymentPostprocessing = 0;
		};
/* End PBXFrameworksBuildPhase section */

/* Begin PBXGroup section */
		3A04AC0D29A54EFA0042F47D /* Register */ = {
			isa = PBXGroup;
			children = (
				3A04AC0E29A54F0B0042F47D /* RegisterViewController.swift */,
			);
			path = Register;
			sourceTree = "<group>";
		};
		3A75028E29A4B9FD00E6783B = {
			isa = PBXGroup;
			children = (
				3A75029929A4B9FD00E6783B /* Firebird */,
				3A7502B029A4BA0100E6783B /* FirebirdTests */,
				3A7502BA29A4BA0200E6783B /* FirebirdUITests */,
				3A75029829A4B9FD00E6783B /* Products */,
				5655F7DBAC09DE03882BC1AE /* Pods */,
				66E663E6F840C5AA392B6004 /* Frameworks */,
			);
			sourceTree = "<group>";
		};
		3A75029829A4B9FD00E6783B /* Products */ = {
			isa = PBXGroup;
			children = (
				3A75029729A4B9FD00E6783B /* Firebird.app */,
				3A7502AD29A4BA0100E6783B /* FirebirdTests.xctest */,
				3A7502B729A4BA0200E6783B /* FirebirdUITests.xctest */,
			);
			name = Products;
			sourceTree = "<group>";
		};
		3A75029929A4B9FD00E6783B /* Firebird */ = {
			isa = PBXGroup;
			children = (
				3ABDC0D629A4BCD300AD49F6 /* Application */,
				3ABDC0E029A4BCD300AD49F6 /* API */,
				3ABDC0DE29A4BCD300AD49F6 /* Infrastructure */,
				3ABDC0E929A4BCD300AD49F6 /* GoogleService-Info.plist */,
				3A7502A829A4BA0100E6783B /* Info.plist */,
			);
			path = Firebird;
			sourceTree = "<group>";
		};
		3A7502B029A4BA0100E6783B /* FirebirdTests */ = {
			isa = PBXGroup;
			children = (
				3A7502B129A4BA0100E6783B /* FirebirdTests.swift */,
			);
			path = FirebirdTests;
			sourceTree = "<group>";
		};
		3A7502BA29A4BA0200E6783B /* FirebirdUITests */ = {
			isa = PBXGroup;
			children = (
				3A7502BB29A4BA0200E6783B /* FirebirdUITests.swift */,
				3A7502BD29A4BA0200E6783B /* FirebirdUITestsLaunchTests.swift */,
			);
			path = FirebirdUITests;
			sourceTree = "<group>";
		};
		3ABDC0D629A4BCD300AD49F6 /* Application */ = {
			isa = PBXGroup;
			children = (
				3A04AC0D29A54EFA0042F47D /* Register */,
				3AFE239429A54D360072E05E /* Login */,
				3ABDC0D729A4BCD300AD49F6 /* Assets.xcassets */,
				3ABDC0D829A4BCD300AD49F6 /* LaunchScreen.storyboard */,
				3ABDC0DA29A4BCD300AD49F6 /* Main.storyboard */,
				3A75029E29A4B9FD00E6783B /* HomeViewController.swift */,
				3ABDC0DC29A4BCD300AD49F6 /* AppDelegate.swift */,
				3ABDC0DD29A4BCD300AD49F6 /* SceneDelegate.swift */,
			);
			path = Application;
			sourceTree = "<group>";
		};
		3ABDC0DE29A4BCD300AD49F6 /* Infrastructure */ = {
			isa = PBXGroup;
			children = (
				3ABDC0DF29A4BCD300AD49F6 /* Constants.swift */,
			);
			path = Infrastructure;
			sourceTree = "<group>";
		};
		3ABDC0E029A4BCD300AD49F6 /* API */ = {
			isa = PBXGroup;
			children = (
				3ABDC0E129A4BCD300AD49F6 /* Business */,
				3ABDC0E329A4BCD300AD49F6 /* Provider */,
				3ABDC0E529A4BCD300AD49F6 /* Manager */,
				3ABDC0E729A4BCD300AD49F6 /* Model */,
			);
			path = API;
			sourceTree = "<group>";
		};
		3ABDC0E129A4BCD300AD49F6 /* Business */ = {
			isa = PBXGroup;
			children = (
				3ABDC0E229A4BCD300AD49F6 /* UserBusiness.swift */,
			);
			path = Business;
			sourceTree = "<group>";
		};
		3ABDC0E329A4BCD300AD49F6 /* Provider */ = {
			isa = PBXGroup;
			children = (
				3ABDC0E429A4BCD300AD49F6 /* UserProvider.swift */,
			);
			path = Provider;
			sourceTree = "<group>";
		};
		3ABDC0E529A4BCD300AD49F6 /* Manager */ = {
			isa = PBXGroup;
			children = (
				3ABDC0E629A4BCD300AD49F6 /* UserManager.swift */,
			);
			path = Manager;
			sourceTree = "<group>";
		};
		3ABDC0E729A4BCD300AD49F6 /* Model */ = {
			isa = PBXGroup;
			children = (
				3ABDC0E829A4BCD300AD49F6 /* UserModel.swift */,
			);
			path = Model;
			sourceTree = "<group>";
		};
		3AFE239429A54D360072E05E /* Login */ = {
			isa = PBXGroup;
			children = (
				3AFE239529A54D4E0072E05E /* LoginViewController.swift */,
			);
			path = Login;
			sourceTree = "<group>";
		};
		5655F7DBAC09DE03882BC1AE /* Pods */ = {
			isa = PBXGroup;
			children = (
				0C4441EEF024E8ABEF20BFD9 /* Pods-Firebird.debug.xcconfig */,
				FB290B66840C429D0FBC730C /* Pods-Firebird.release.xcconfig */,
				46A377421FEE7A870B87D4F0 /* Pods-Firebird-FirebirdUITests.debug.xcconfig */,
				21B776352D55B7FA54144885 /* Pods-Firebird-FirebirdUITests.release.xcconfig */,
				47F8B4B38727210F786BD212 /* Pods-FirebirdTests.debug.xcconfig */,
				F65846917834A076BD4A4187 /* Pods-FirebirdTests.release.xcconfig */,
			);
			path = Pods;
			sourceTree = "<group>";
		};
		66E663E6F840C5AA392B6004 /* Frameworks */ = {
			isa = PBXGroup;
			children = (
				02D82FAE2EB0A0EE714C96F5 /* Pods_Firebird.framework */,
				DCBCBA84E854FC914E76916F /* Pods_Firebird_FirebirdUITests.framework */,
				FEAA86174DFA378BF0EB87F4 /* Pods_FirebirdTests.framework */,
			);
			name = Frameworks;
			sourceTree = "<group>";
		};
/* End PBXGroup section */

/* Begin PBXNativeTarget section */
		3A75029629A4B9FD00E6783B /* Firebird */ = {
			isa = PBXNativeTarget;
			buildConfigurationList = 3A7502C129A4BA0200E6783B /* Build configuration list for PBXNativeTarget "Firebird" */;
			buildPhases = (
				13FF338191F66A45441F09F1 /* [CP] Check Pods Manifest.lock */,
				3A75029329A4B9FD00E6783B /* Sources */,
				3A75029429A4B9FD00E6783B /* Frameworks */,
				3A75029529A4B9FD00E6783B /* Resources */,
				5FBD6126A02D152088F43B4D /* [CP] Embed Pods Frameworks */,
			);
			buildRules = (
			);
			dependencies = (
			);
			name = Firebird;
			productName = Firebird;
			productReference = 3A75029729A4B9FD00E6783B /* Firebird.app */;
			productType = "com.apple.product-type.application";
		};
		3A7502AC29A4BA0100E6783B /* FirebirdTests */ = {
			isa = PBXNativeTarget;
			buildConfigurationList = 3A7502C429A4BA0200E6783B /* Build configuration list for PBXNativeTarget "FirebirdTests" */;
			buildPhases = (
				233FD4447C2836EB0CF62B1A /* [CP] Check Pods Manifest.lock */,
				3A7502A929A4BA0100E6783B /* Sources */,
				3A7502AA29A4BA0100E6783B /* Frameworks */,
				3A7502AB29A4BA0100E6783B /* Resources */,
			);
			buildRules = (
			);
			dependencies = (
				3A7502AF29A4BA0100E6783B /* PBXTargetDependency */,
			);
			name = FirebirdTests;
			productName = FirebirdTests;
			productReference = 3A7502AD29A4BA0100E6783B /* FirebirdTests.xctest */;
			productType = "com.apple.product-type.bundle.unit-test";
		};
		3A7502B629A4BA0200E6783B /* FirebirdUITests */ = {
			isa = PBXNativeTarget;
			buildConfigurationList = 3A7502C729A4BA0200E6783B /* Build configuration list for PBXNativeTarget "FirebirdUITests" */;
			buildPhases = (
				16F76118094A243FA4383C51 /* [CP] Check Pods Manifest.lock */,
				3A7502B329A4BA0200E6783B /* Sources */,
				3A7502B429A4BA0200E6783B /* Frameworks */,
				3A7502B529A4BA0200E6783B /* Resources */,
				68DF8EA5DA3F130BDF39CEB0 /* [CP] Embed Pods Frameworks */,
			);
			buildRules = (
			);
			dependencies = (
				3A7502B929A4BA0200E6783B /* PBXTargetDependency */,
			);
			name = FirebirdUITests;
			productName = FirebirdUITests;
			productReference = 3A7502B729A4BA0200E6783B /* FirebirdUITests.xctest */;
			productType = "com.apple.product-type.bundle.ui-testing";
		};
/* End PBXNativeTarget section */

/* Begin PBXProject section */
		3A75028F29A4B9FD00E6783B /* Project object */ = {
			isa = PBXProject;
			attributes = {
				BuildIndependentTargetsInParallel = 1;
				LastSwiftUpdateCheck = 1420;
				LastUpgradeCheck = 1420;
				TargetAttributes = {
					3A75029629A4B9FD00E6783B = {
						CreatedOnToolsVersion = 14.2;
					};
					3A7502AC29A4BA0100E6783B = {
						CreatedOnToolsVersion = 14.2;
						TestTargetID = 3A75029629A4B9FD00E6783B;
					};
					3A7502B629A4BA0200E6783B = {
						CreatedOnToolsVersion = 14.2;
						TestTargetID = 3A75029629A4B9FD00E6783B;
					};
				};
			};
			buildConfigurationList = 3A75029229A4B9FD00E6783B /* Build configuration list for PBXProject "Firebird" */;
			compatibilityVersion = "Xcode 13.0";
			developmentRegion = en;
			hasScannedForEncodings = 0;
			knownRegions = (
				en,
				Base,
			);
			mainGroup = 3A75028E29A4B9FD00E6783B;
			productRefGroup = 3A75029829A4B9FD00E6783B /* Products */;
			projectDirPath = "";
			projectRoot = "";
			targets = (
				3A75029629A4B9FD00E6783B /* Firebird */,
				3A7502AC29A4BA0100E6783B /* FirebirdTests */,
				3A7502B629A4BA0200E6783B /* FirebirdUITests */,
			);
		};
/* End PBXProject section */

/* Begin PBXResourcesBuildPhase section */
		3A75029529A4B9FD00E6783B /* Resources */ = {
			isa = PBXResourcesBuildPhase;
			buildActionMask = 2147483647;
			files = (
				3ABDC0EA29A4BCD300AD49F6 /* Assets.xcassets in Resources */,
				3ABDC0EC29A4BCD300AD49F6 /* Main.storyboard in Resources */,
				3ABDC0EB29A4BCD300AD49F6 /* LaunchScreen.storyboard in Resources */,
				3ABDC0F429A4BCD300AD49F6 /* GoogleService-Info.plist in Resources */,
			);
			runOnlyForDeploymentPostprocessing = 0;
		};
		3A7502AB29A4BA0100E6783B /* Resources */ = {
			isa = PBXResourcesBuildPhase;
			buildActionMask = 2147483647;
			files = (
			);
			runOnlyForDeploymentPostprocessing = 0;
		};
		3A7502B529A4BA0200E6783B /* Resources */ = {
			isa = PBXResourcesBuildPhase;
			buildActionMask = 2147483647;
			files = (
			);
			runOnlyForDeploymentPostprocessing = 0;
		};
/* End PBXResourcesBuildPhase section */

/* Begin PBXShellScriptBuildPhase section */
		13FF338191F66A45441F09F1 /* [CP] Check Pods Manifest.lock */ = {
			isa = PBXShellScriptBuildPhase;
			buildActionMask = 2147483647;
			files = (
			);
			inputFileListPaths = (
			);
			inputPaths = (
				"${PODS_PODFILE_DIR_PATH}/Podfile.lock",
				"${PODS_ROOT}/Manifest.lock",
			);
			name = "[CP] Check Pods Manifest.lock";
			outputFileListPaths = (
			);
			outputPaths = (
				"$(DERIVED_FILE_DIR)/Pods-Firebird-checkManifestLockResult.txt",
			);
			runOnlyForDeploymentPostprocessing = 0;
			shellPath = /bin/sh;
			shellScript = "diff \"${PODS_PODFILE_DIR_PATH}/Podfile.lock\" \"${PODS_ROOT}/Manifest.lock\" > /dev/null\nif [ $? != 0 ] ; then\n    # print error to STDERR\n    echo \"error: The sandbox is not in sync with the Podfile.lock. Run 'pod install' or update your CocoaPods installation.\" >&2\n    exit 1\nfi\n# This output is used by Xcode 'outputs' to avoid re-running this script phase.\necho \"SUCCESS\" > \"${SCRIPT_OUTPUT_FILE_0}\"\n";
			showEnvVarsInLog = 0;
		};
		16F76118094A243FA4383C51 /* [CP] Check Pods Manifest.lock */ = {
			isa = PBXShellScriptBuildPhase;
			buildActionMask = 2147483647;
			files = (
			);
			inputFileListPaths = (
			);
			inputPaths = (
				"${PODS_PODFILE_DIR_PATH}/Podfile.lock",
				"${PODS_ROOT}/Manifest.lock",
			);
			name = "[CP] Check Pods Manifest.lock";
			outputFileListPaths = (
			);
			outputPaths = (
				"$(DERIVED_FILE_DIR)/Pods-Firebird-FirebirdUITests-checkManifestLockResult.txt",
			);
			runOnlyForDeploymentPostprocessing = 0;
			shellPath = /bin/sh;
			shellScript = "diff \"${PODS_PODFILE_DIR_PATH}/Podfile.lock\" \"${PODS_ROOT}/Manifest.lock\" > /dev/null\nif [ $? != 0 ] ; then\n    # print error to STDERR\n    echo \"error: The sandbox is not in sync with the Podfile.lock. Run 'pod install' or update your CocoaPods installation.\" >&2\n    exit 1\nfi\n# This output is used by Xcode 'outputs' to avoid re-running this script phase.\necho \"SUCCESS\" > \"${SCRIPT_OUTPUT_FILE_0}\"\n";
			showEnvVarsInLog = 0;
		};
		233FD4447C2836EB0CF62B1A /* [CP] Check Pods Manifest.lock */ = {
			isa = PBXShellScriptBuildPhase;
			buildActionMask = 2147483647;
			files = (
			);
			inputFileListPaths = (
			);
			inputPaths = (
				"${PODS_PODFILE_DIR_PATH}/Podfile.lock",
				"${PODS_ROOT}/Manifest.lock",
			);
			name = "[CP] Check Pods Manifest.lock";
			outputFileListPaths = (
			);
			outputPaths = (
				"$(DERIVED_FILE_DIR)/Pods-FirebirdTests-checkManifestLockResult.txt",
			);
			runOnlyForDeploymentPostprocessing = 0;
			shellPath = /bin/sh;
			shellScript = "diff \"${PODS_PODFILE_DIR_PATH}/Podfile.lock\" \"${PODS_ROOT}/Manifest.lock\" > /dev/null\nif [ $? != 0 ] ; then\n    # print error to STDERR\n    echo \"error: The sandbox is not in sync with the Podfile.lock. Run 'pod install' or update your CocoaPods installation.\" >&2\n    exit 1\nfi\n# This output is used by Xcode 'outputs' to avoid re-running this script phase.\necho \"SUCCESS\" > \"${SCRIPT_OUTPUT_FILE_0}\"\n";
			showEnvVarsInLog = 0;
		};
		5FBD6126A02D152088F43B4D /* [CP] Embed Pods Frameworks */ = {
			isa = PBXShellScriptBuildPhase;
			buildActionMask = 2147483647;
			files = (
			);
			inputFileListPaths = (
				"${PODS_ROOT}/Target Support Files/Pods-Firebird/Pods-Firebird-frameworks-${CONFIGURATION}-input-files.xcfilelist",
			);
			name = "[CP] Embed Pods Frameworks";
			outputFileListPaths = (
				"${PODS_ROOT}/Target Support Files/Pods-Firebird/Pods-Firebird-frameworks-${CONFIGURATION}-output-files.xcfilelist",
			);
			runOnlyForDeploymentPostprocessing = 0;
			shellPath = /bin/sh;
			shellScript = "\"${PODS_ROOT}/Target Support Files/Pods-Firebird/Pods-Firebird-frameworks.sh\"\n";
			showEnvVarsInLog = 0;
		};
		68DF8EA5DA3F130BDF39CEB0 /* [CP] Embed Pods Frameworks */ = {
			isa = PBXShellScriptBuildPhase;
			buildActionMask = 2147483647;
			files = (
			);
			inputFileListPaths = (
				"${PODS_ROOT}/Target Support Files/Pods-Firebird-FirebirdUITests/Pods-Firebird-FirebirdUITests-frameworks-${CONFIGURATION}-input-files.xcfilelist",
			);
			name = "[CP] Embed Pods Frameworks";
			outputFileListPaths = (
				"${PODS_ROOT}/Target Support Files/Pods-Firebird-FirebirdUITests/Pods-Firebird-FirebirdUITests-frameworks-${CONFIGURATION}-output-files.xcfilelist",
			);
			runOnlyForDeploymentPostprocessing = 0;
			shellPath = /bin/sh;
			shellScript = "\"${PODS_ROOT}/Target Support Files/Pods-Firebird-FirebirdUITests/Pods-Firebird-FirebirdUITests-frameworks.sh\"\n";
			showEnvVarsInLog = 0;
		};
/* End PBXShellScriptBuildPhase section */

/* Begin PBXSourcesBuildPhase section */
		3A75029329A4B9FD00E6783B /* Sources */ = {
			isa = PBXSourcesBuildPhase;
			buildActionMask = 2147483647;
			files = (
				3AFE239629A54D4E0072E05E /* LoginViewController.swift in Sources */,
				3A04AC0F29A54F0B0042F47D /* RegisterViewController.swift in Sources */,
				3ABDC0F229A4BCD300AD49F6 /* UserManager.swift in Sources */,
				3ABDC0EE29A4BCD300AD49F6 /* SceneDelegate.swift in Sources */,
				3ABDC0ED29A4BCD300AD49F6 /* AppDelegate.swift in Sources */,
				3A75029F29A4B9FD00E6783B /* HomeViewController.swift in Sources */,
				3ABDC0EF29A4BCD300AD49F6 /* Constants.swift in Sources */,
				3ABDC0F029A4BCD300AD49F6 /* UserBusiness.swift in Sources */,
				3ABDC0F329A4BCD300AD49F6 /* UserModel.swift in Sources */,
				3ABDC0F129A4BCD300AD49F6 /* UserProvider.swift in Sources */,
			);
			runOnlyForDeploymentPostprocessing = 0;
		};
		3A7502A929A4BA0100E6783B /* Sources */ = {
			isa = PBXSourcesBuildPhase;
			buildActionMask = 2147483647;
			files = (
				3A7502B229A4BA0100E6783B /* FirebirdTests.swift in Sources */,
			);
			runOnlyForDeploymentPostprocessing = 0;
		};
		3A7502B329A4BA0200E6783B /* Sources */ = {
			isa = PBXSourcesBuildPhase;
			buildActionMask = 2147483647;
			files = (
				3A7502BE29A4BA0200E6783B /* FirebirdUITestsLaunchTests.swift in Sources */,
				3A7502BC29A4BA0200E6783B /* FirebirdUITests.swift in Sources */,
			);
			runOnlyForDeploymentPostprocessing = 0;
		};
/* End PBXSourcesBuildPhase section */

/* Begin PBXTargetDependency section */
		3A7502AF29A4BA0100E6783B /* PBXTargetDependency */ = {
			isa = PBXTargetDependency;
			target = 3A75029629A4B9FD00E6783B /* Firebird */;
			targetProxy = 3A7502AE29A4BA0100E6783B /* PBXContainerItemProxy */;
		};
		3A7502B929A4BA0200E6783B /* PBXTargetDependency */ = {
			isa = PBXTargetDependency;
			target = 3A75029629A4B9FD00E6783B /* Firebird */;
			targetProxy = 3A7502B829A4BA0200E6783B /* PBXContainerItemProxy */;
		};
/* End PBXTargetDependency section */

/* Begin PBXVariantGroup section */
		3ABDC0D829A4BCD300AD49F6 /* LaunchScreen.storyboard */ = {
			isa = PBXVariantGroup;
			children = (
				3ABDC0D929A4BCD300AD49F6 /* Base */,
			);
			name = LaunchScreen.storyboard;
			sourceTree = "<group>";
		};
		3ABDC0DA29A4BCD300AD49F6 /* Main.storyboard */ = {
			isa = PBXVariantGroup;
			children = (
				3ABDC0DB29A4BCD300AD49F6 /* Base */,
			);
			name = Main.storyboard;
			sourceTree = "<group>";
		};
/* End PBXVariantGroup section */

/* Begin XCBuildConfiguration section */
		3A7502BF29A4BA0200E6783B /* Debug */ = {
			isa = XCBuildConfiguration;
			buildSettings = {
				ALWAYS_SEARCH_USER_PATHS = NO;
				CLANG_ANALYZER_NONNULL = YES;
				CLANG_ANALYZER_NUMBER_OBJECT_CONVERSION = YES_AGGRESSIVE;
				CLANG_CXX_LANGUAGE_STANDARD = "gnu++20";
				CLANG_ENABLE_MODULES = YES;
				CLANG_ENABLE_OBJC_ARC = YES;
				CLANG_ENABLE_OBJC_WEAK = YES;
				CLANG_WARN_BLOCK_CAPTURE_AUTORELEASING = YES;
				CLANG_WARN_BOOL_CONVERSION = YES;
				CLANG_WARN_COMMA = YES;
				CLANG_WARN_CONSTANT_CONVERSION = YES;
				CLANG_WARN_DEPRECATED_OBJC_IMPLEMENTATIONS = YES;
				CLANG_WARN_DIRECT_OBJC_ISA_USAGE = YES_ERROR;
				CLANG_WARN_DOCUMENTATION_COMMENTS = YES;
				CLANG_WARN_EMPTY_BODY = YES;
				CLANG_WARN_ENUM_CONVERSION = YES;
				CLANG_WARN_INFINITE_RECURSION = YES;
				CLANG_WARN_INT_CONVERSION = YES;
				CLANG_WARN_NON_LITERAL_NULL_CONVERSION = YES;
				CLANG_WARN_OBJC_IMPLICIT_RETAIN_SELF = YES;
				CLANG_WARN_OBJC_LITERAL_CONVERSION = YES;
				CLANG_WARN_OBJC_ROOT_CLASS = YES_ERROR;
				CLANG_WARN_QUOTED_INCLUDE_IN_FRAMEWORK_HEADER = YES;
				CLANG_WARN_RANGE_LOOP_ANALYSIS = YES;
				CLANG_WARN_STRICT_PROTOTYPES = YES;
				CLANG_WARN_SUSPICIOUS_MOVE = YES;
				CLANG_WARN_UNGUARDED_AVAILABILITY = YES_AGGRESSIVE;
				CLANG_WARN_UNREACHABLE_CODE = YES;
				CLANG_WARN__DUPLICATE_METHOD_MATCH = YES;
				COPY_PHASE_STRIP = NO;
				DEBUG_INFORMATION_FORMAT = dwarf;
				ENABLE_STRICT_OBJC_MSGSEND = YES;
				ENABLE_TESTABILITY = YES;
				GCC_C_LANGUAGE_STANDARD = gnu11;
				GCC_DYNAMIC_NO_PIC = NO;
				GCC_NO_COMMON_BLOCKS = YES;
				GCC_OPTIMIZATION_LEVEL = 0;
				GCC_PREPROCESSOR_DEFINITIONS = (
					"DEBUG=1",
					"$(inherited)",
				);
				GCC_WARN_64_TO_32_BIT_CONVERSION = YES;
				GCC_WARN_ABOUT_RETURN_TYPE = YES_ERROR;
				GCC_WARN_UNDECLARED_SELECTOR = YES;
				GCC_WARN_UNINITIALIZED_AUTOS = YES_AGGRESSIVE;
				GCC_WARN_UNUSED_FUNCTION = YES;
				GCC_WARN_UNUSED_VARIABLE = YES;
				IPHONEOS_DEPLOYMENT_TARGET = 16.2;
				MTL_ENABLE_DEBUG_INFO = INCLUDE_SOURCE;
				MTL_FAST_MATH = YES;
				ONLY_ACTIVE_ARCH = YES;
				SDKROOT = iphoneos;
				SWIFT_ACTIVE_COMPILATION_CONDITIONS = DEBUG;
				SWIFT_OPTIMIZATION_LEVEL = "-Onone";
			};
			name = Debug;
		};
		3A7502C029A4BA0200E6783B /* Release */ = {
			isa = XCBuildConfiguration;
			buildSettings = {
				ALWAYS_SEARCH_USER_PATHS = NO;
				CLANG_ANALYZER_NONNULL = YES;
				CLANG_ANALYZER_NUMBER_OBJECT_CONVERSION = YES_AGGRESSIVE;
				CLANG_CXX_LANGUAGE_STANDARD = "gnu++20";
				CLANG_ENABLE_MODULES = YES;
				CLANG_ENABLE_OBJC_ARC = YES;
				CLANG_ENABLE_OBJC_WEAK = YES;
				CLANG_WARN_BLOCK_CAPTURE_AUTORELEASING = YES;
				CLANG_WARN_BOOL_CONVERSION = YES;
				CLANG_WARN_COMMA = YES;
				CLANG_WARN_CONSTANT_CONVERSION = YES;
				CLANG_WARN_DEPRECATED_OBJC_IMPLEMENTATIONS = YES;
				CLANG_WARN_DIRECT_OBJC_ISA_USAGE = YES_ERROR;
				CLANG_WARN_DOCUMENTATION_COMMENTS = YES;
				CLANG_WARN_EMPTY_BODY = YES;
				CLANG_WARN_ENUM_CONVERSION = YES;
				CLANG_WARN_INFINITE_RECURSION = YES;
				CLANG_WARN_INT_CONVERSION = YES;
				CLANG_WARN_NON_LITERAL_NULL_CONVERSION = YES;
				CLANG_WARN_OBJC_IMPLICIT_RETAIN_SELF = YES;
				CLANG_WARN_OBJC_LITERAL_CONVERSION = YES;
				CLANG_WARN_OBJC_ROOT_CLASS = YES_ERROR;
				CLANG_WARN_QUOTED_INCLUDE_IN_FRAMEWORK_HEADER = YES;
				CLANG_WARN_RANGE_LOOP_ANALYSIS = YES;
				CLANG_WARN_STRICT_PROTOTYPES = YES;
				CLANG_WARN_SUSPICIOUS_MOVE = YES;
				CLANG_WARN_UNGUARDED_AVAILABILITY = YES_AGGRESSIVE;
				CLANG_WARN_UNREACHABLE_CODE = YES;
				CLANG_WARN__DUPLICATE_METHOD_MATCH = YES;
				COPY_PHASE_STRIP = NO;
				DEBUG_INFORMATION_FORMAT = "dwarf-with-dsym";
				ENABLE_NS_ASSERTIONS = NO;
				ENABLE_STRICT_OBJC_MSGSEND = YES;
				GCC_C_LANGUAGE_STANDARD = gnu11;
				GCC_NO_COMMON_BLOCKS = YES;
				GCC_WARN_64_TO_32_BIT_CONVERSION = YES;
				GCC_WARN_ABOUT_RETURN_TYPE = YES_ERROR;
				GCC_WARN_UNDECLARED_SELECTOR = YES;
				GCC_WARN_UNINITIALIZED_AUTOS = YES_AGGRESSIVE;
				GCC_WARN_UNUSED_FUNCTION = YES;
				GCC_WARN_UNUSED_VARIABLE = YES;
				IPHONEOS_DEPLOYMENT_TARGET = 16.2;
				MTL_ENABLE_DEBUG_INFO = NO;
				MTL_FAST_MATH = YES;
				SDKROOT = iphoneos;
				SWIFT_COMPILATION_MODE = wholemodule;
				SWIFT_OPTIMIZATION_LEVEL = "-O";
				VALIDATE_PRODUCT = YES;
			};
			name = Release;
		};
		3A7502C229A4BA0200E6783B /* Debug */ = {
			isa = XCBuildConfiguration;
			baseConfigurationReference = 0C4441EEF024E8ABEF20BFD9 /* Pods-Firebird.debug.xcconfig */;
			buildSettings = {
				ASSETCATALOG_COMPILER_APPICON_NAME = AppIcon;
				ASSETCATALOG_COMPILER_GLOBAL_ACCENT_COLOR_NAME = AccentColor;
				CODE_SIGN_STYLE = Automatic;
				CURRENT_PROJECT_VERSION = 1;
				DEVELOPMENT_TEAM = KCY8Z5247K;
				GENERATE_INFOPLIST_FILE = YES;
				INFOPLIST_FILE = Firebird/Info.plist;
				INFOPLIST_KEY_UIApplicationSupportsIndirectInputEvents = YES;
				INFOPLIST_KEY_UILaunchStoryboardName = LaunchScreen;
				INFOPLIST_KEY_UIMainStoryboardFile = Main;
				INFOPLIST_KEY_UISupportedInterfaceOrientations_iPad = "UIInterfaceOrientationPortrait UIInterfaceOrientationPortraitUpsideDown UIInterfaceOrientationLandscapeLeft UIInterfaceOrientationLandscapeRight";
				INFOPLIST_KEY_UISupportedInterfaceOrientations_iPhone = "UIInterfaceOrientationPortrait UIInterfaceOrientationLandscapeLeft UIInterfaceOrientationLandscapeRight";
				LD_RUNPATH_SEARCH_PATHS = (
					"$(inherited)",
					"@executable_path/Frameworks",
				);
				MARKETING_VERSION = 1.0;
				PRODUCT_BUNDLE_IDENTIFIER = com.paulorod07.firebird.Firebird;
				PRODUCT_NAME = "$(TARGET_NAME)";
				SWIFT_EMIT_LOC_STRINGS = YES;
				SWIFT_VERSION = 5.0;
				TARGETED_DEVICE_FAMILY = "1,2";
			};
			name = Debug;
		};
		3A7502C329A4BA0200E6783B /* Release */ = {
			isa = XCBuildConfiguration;
			baseConfigurationReference = FB290B66840C429D0FBC730C /* Pods-Firebird.release.xcconfig */;
			buildSettings = {
				ASSETCATALOG_COMPILER_APPICON_NAME = AppIcon;
				ASSETCATALOG_COMPILER_GLOBAL_ACCENT_COLOR_NAME = AccentColor;
				CODE_SIGN_STYLE = Automatic;
				CURRENT_PROJECT_VERSION = 1;
				DEVELOPMENT_TEAM = KCY8Z5247K;
				GENERATE_INFOPLIST_FILE = YES;
				INFOPLIST_FILE = Firebird/Info.plist;
				INFOPLIST_KEY_UIApplicationSupportsIndirectInputEvents = YES;
				INFOPLIST_KEY_UILaunchStoryboardName = LaunchScreen;
				INFOPLIST_KEY_UIMainStoryboardFile = Main;
				INFOPLIST_KEY_UISupportedInterfaceOrientations_iPad = "UIInterfaceOrientationPortrait UIInterfaceOrientationPortraitUpsideDown UIInterfaceOrientationLandscapeLeft UIInterfaceOrientationLandscapeRight";
				INFOPLIST_KEY_UISupportedInterfaceOrientations_iPhone = "UIInterfaceOrientationPortrait UIInterfaceOrientationLandscapeLeft UIInterfaceOrientationLandscapeRight";
				LD_RUNPATH_SEARCH_PATHS = (
					"$(inherited)",
					"@executable_path/Frameworks",
				);
				MARKETING_VERSION = 1.0;
				PRODUCT_BUNDLE_IDENTIFIER = com.paulorod07.firebird.Firebird;
				PRODUCT_NAME = "$(TARGET_NAME)";
				SWIFT_EMIT_LOC_STRINGS = YES;
				SWIFT_VERSION = 5.0;
				TARGETED_DEVICE_FAMILY = "1,2";
			};
			name = Release;
		};
		3A7502C529A4BA0200E6783B /* Debug */ = {
			isa = XCBuildConfiguration;
			baseConfigurationReference = 47F8B4B38727210F786BD212 /* Pods-FirebirdTests.debug.xcconfig */;
			buildSettings = {
				ALWAYS_EMBED_SWIFT_STANDARD_LIBRARIES = YES;
				BUNDLE_LOADER = "$(TEST_HOST)";
				CODE_SIGN_STYLE = Automatic;
				CURRENT_PROJECT_VERSION = 1;
				DEVELOPMENT_TEAM = KCY8Z5247K;
				GENERATE_INFOPLIST_FILE = YES;
				IPHONEOS_DEPLOYMENT_TARGET = 16.2;
				MARKETING_VERSION = 1.0;
				PRODUCT_BUNDLE_IDENTIFIER = com.paulorod07.firebird.FirebirdTests;
				PRODUCT_NAME = "$(TARGET_NAME)";
				SWIFT_EMIT_LOC_STRINGS = NO;
				SWIFT_VERSION = 5.0;
				TARGETED_DEVICE_FAMILY = "1,2";
				TEST_HOST = "$(BUILT_PRODUCTS_DIR)/Firebird.app/$(BUNDLE_EXECUTABLE_FOLDER_PATH)/Firebird";
			};
			name = Debug;
		};
		3A7502C629A4BA0200E6783B /* Release */ = {
			isa = XCBuildConfiguration;
			baseConfigurationReference = F65846917834A076BD4A4187 /* Pods-FirebirdTests.release.xcconfig */;
			buildSettings = {
				ALWAYS_EMBED_SWIFT_STANDARD_LIBRARIES = YES;
				BUNDLE_LOADER = "$(TEST_HOST)";
				CODE_SIGN_STYLE = Automatic;
				CURRENT_PROJECT_VERSION = 1;
				DEVELOPMENT_TEAM = KCY8Z5247K;
				GENERATE_INFOPLIST_FILE = YES;
				IPHONEOS_DEPLOYMENT_TARGET = 16.2;
				MARKETING_VERSION = 1.0;
				PRODUCT_BUNDLE_IDENTIFIER = com.paulorod07.firebird.FirebirdTests;
				PRODUCT_NAME = "$(TARGET_NAME)";
				SWIFT_EMIT_LOC_STRINGS = NO;
				SWIFT_VERSION = 5.0;
				TARGETED_DEVICE_FAMILY = "1,2";
				TEST_HOST = "$(BUILT_PRODUCTS_DIR)/Firebird.app/$(BUNDLE_EXECUTABLE_FOLDER_PATH)/Firebird";
			};
			name = Release;
		};
		3A7502C829A4BA0200E6783B /* Debug */ = {
			isa = XCBuildConfiguration;
			baseConfigurationReference = 46A377421FEE7A870B87D4F0 /* Pods-Firebird-FirebirdUITests.debug.xcconfig */;
			buildSettings = {
				ALWAYS_EMBED_SWIFT_STANDARD_LIBRARIES = YES;
				CODE_SIGN_STYLE = Automatic;
				CURRENT_PROJECT_VERSION = 1;
				DEVELOPMENT_TEAM = KCY8Z5247K;
				GENERATE_INFOPLIST_FILE = YES;
				MARKETING_VERSION = 1.0;
				PRODUCT_BUNDLE_IDENTIFIER = com.paulorod07.firebird.FirebirdUITests;
				PRODUCT_NAME = "$(TARGET_NAME)";
				SWIFT_EMIT_LOC_STRINGS = NO;
				SWIFT_VERSION = 5.0;
				TARGETED_DEVICE_FAMILY = "1,2";
				TEST_TARGET_NAME = Firebird;
			};
			name = Debug;
		};
		3A7502C929A4BA0200E6783B /* Release */ = {
			isa = XCBuildConfiguration;
			baseConfigurationReference = 21B776352D55B7FA54144885 /* Pods-Firebird-FirebirdUITests.release.xcconfig */;
			buildSettings = {
				ALWAYS_EMBED_SWIFT_STANDARD_LIBRARIES = YES;
				CODE_SIGN_STYLE = Automatic;
				CURRENT_PROJECT_VERSION = 1;
				DEVELOPMENT_TEAM = KCY8Z5247K;
				GENERATE_INFOPLIST_FILE = YES;
				MARKETING_VERSION = 1.0;
				PRODUCT_BUNDLE_IDENTIFIER = com.paulorod07.firebird.FirebirdUITests;
				PRODUCT_NAME = "$(TARGET_NAME)";
				SWIFT_EMIT_LOC_STRINGS = NO;
				SWIFT_VERSION = 5.0;
				TARGETED_DEVICE_FAMILY = "1,2";
				TEST_TARGET_NAME = Firebird;
			};
			name = Release;
		};
/* End XCBuildConfiguration section */

/* Begin XCConfigurationList section */
		3A75029229A4B9FD00E6783B /* Build configuration list for PBXProject "Firebird" */ = {
			isa = XCConfigurationList;
			buildConfigurations = (
				3A7502BF29A4BA0200E6783B /* Debug */,
				3A7502C029A4BA0200E6783B /* Release */,
			);
			defaultConfigurationIsVisible = 0;
			defaultConfigurationName = Release;
		};
		3A7502C129A4BA0200E6783B /* Build configuration list for PBXNativeTarget "Firebird" */ = {
			isa = XCConfigurationList;
			buildConfigurations = (
				3A7502C229A4BA0200E6783B /* Debug */,
				3A7502C329A4BA0200E6783B /* Release */,
			);
			defaultConfigurationIsVisible = 0;
			defaultConfigurationName = Release;
		};
		3A7502C429A4BA0200E6783B /* Build configuration list for PBXNativeTarget "FirebirdTests" */ = {
			isa = XCConfigurationList;
			buildConfigurations = (
				3A7502C529A4BA0200E6783B /* Debug */,
				3A7502C629A4BA0200E6783B /* Release */,
			);
			defaultConfigurationIsVisible = 0;
			defaultConfigurationName = Release;
		};
		3A7502C729A4BA0200E6783B /* Build configuration list for PBXNativeTarget "FirebirdUITests" */ = {
			isa = XCConfigurationList;
			buildConfigurations = (
				3A7502C829A4BA0200E6783B /* Debug */,
				3A7502C929A4BA0200E6783B /* Release */,
			);
			defaultConfigurationIsVisible = 0;
			defaultConfigurationName = Release;
		};
/* End XCConfigurationList section */
	};
	rootObject = 3A75028F29A4B9FD00E6783B /* Project object */;
}
